
Microsoft Visual Studio Solution File, Format Version 12.00
# Visual Studio Version 17
VisualStudioVersion = 17.3.32825.248
MinimumVisualStudioVersion = 10.0.40219.1
Project("{9A19103F-16F7-4668-BE54-9A1E7A4F7556}") = "ApiIntegratedWithDocker", "src\ApiIntegratedWithDocker\ApiIntegratedWithDocker.csproj", "{C5330256-AC42-4434-861B-93FB82192038}"
EndProject
Project("{2150E333-8FDC-42A3-9474-1A3956D46DE8}") = "src", "src", "{36A5F1CB-E6B0-4C26-8871-7509FE703183}"
EndProject
Project("{9A19103F-16F7-4668-BE54-9A1E7A4F7556}") = "ApiIntegratedWithDockerMigrations", "src\ApiIntegratedWithDockerMigrations\ApiIntegratedWithDockerMigrations.csproj", "{657A6EEC-101A-4931-B471-638CC6E62E58}"
EndProject
Global
	GlobalSection(SolutionConfigurationPlatforms) = preSolution
		Debug|Any CPU = Debug|Any CPU
		Release|Any CPU = Release|Any CPU
	EndGlobalSection
	GlobalSection(ProjectConfigurationPlatforms) = postSolution
		{C5330256-AC42-4434-861B-93FB82192038}.Debug|Any CPU.ActiveCfg = Debug|Any CPU
		{C5330256-AC42-4434-861B-93FB82192038}.Debug|Any CPU.Build.0 = Debug|Any CPU
		{C5330256-AC42-4434-861B-93FB82192038}.Release|Any CPU.ActiveCfg = Release|Any CPU
		{C5330256-AC42-4434-861B-93FB82192038}.Release|Any CPU.Build.0 = Release|Any CPU
		{657A6EEC-101A-4931-B471-638CC6E62E58}.Debug|Any CPU.ActiveCfg = Debug|Any CPU
		{657A6EEC-101A-4931-B471-638CC6E62E58}.Debug|Any CPU.Build.0 = Debug|Any CPU
		{657A6EEC-101A-4931-B471-638CC6E62E58}.Release|Any CPU.ActiveCfg = Release|Any CPU
		{657A6EEC-101A-4931-B471-638CC6E62E58}.Release|Any CPU.Build.0 = Release|Any CPU
	EndGlobalSection
	GlobalSection(SolutionProperties) = preSolution
		HideSolutionNode = FALSE
	EndGlobalSection
	GlobalSection(NestedProjects) = preSolution
		{C5330256-AC42-4434-861B-93FB82192038} = {36A5F1CB-E6B0-4C26-8871-7509FE703183}
		{657A6EEC-101A-4931-B471-638CC6E62E58} = {36A5F1CB-E6B0-4C26-8871-7509FE703183}
	EndGlobalSection
	GlobalSection(ExtensibilityGlobals) = postSolution
		SolutionGuid = {FBDAE982-3F8A-4F6E-8CB3-7FD3B9030C78}
	EndGlobalSection
EndGlobal
